
Microsoft Visual Studio Solution File, Format Version 12.00
# Visual Studio Version 17
VisualStudioVersion = 17.10.35013.160
MinimumVisualStudioVersion = 10.0.40219.1
Project("{FAE04EC0-301F-11D3-BF4B-00C04F79EFBC}") = "Form DZ 1", "Form DZ 1.csproj", "{14014C43-EA6F-48FA-9B54-38CE82FDDF0F}"
EndProject
Global
	GlobalSection(SolutionConfigurationPlatforms) = preSolution
		Debug|Any CPU = Debug|Any CPU
		Release|Any CPU = Release|Any CPU
	EndGlobalSection
	GlobalSection(ProjectConfigurationPlatforms) = postSolution
		{14014C43-EA6F-48FA-9B54-38CE82FDDF0F}.Debug|Any CPU.ActiveCfg = Debug|Any CPU
		{14014C43-EA6F-48FA-9B54-38CE82FDDF0F}.Debug|Any CPU.Build.0 = Debug|Any CPU
		{14014C43-EA6F-48FA-9B54-38CE82FDDF0F}.Release|Any CPU.ActiveCfg = Release|Any CPU
		{14014C43-EA6F-48FA-9B54-38CE82FDDF0F}.Release|Any CPU.Build.0 = Release|Any CPU
	EndGlobalSection
	GlobalSection(SolutionProperties) = preSolution
		HideSolutionNode = FALSE
	EndGlobalSection
	GlobalSection(ExtensibilityGlobals) = postSolution
		SolutionGuid = {D9B641B8-1569-4AF7-8E1D-96261E1EB541}
	EndGlobalSection
EndGlobal
